
Microsoft Visual Studio Solution File, Format Version 12.00
# Visual Studio Version 16
VisualStudioVersion = 16.0.30114.105
MinimumVisualStudioVersion = 10.0.40219.1
Project("{FAE04EC0-301F-11D3-BF4B-00C04F79EFBC}") = "R5T.Ilioupoli.Default", "R5T.Ilioupoli.Default\R5T.Ilioupoli.Default.csproj", "{3D91A386-79CE-49FF-A28C-950E1245FCE9}"
EndProject
Project("{FAE04EC0-301F-11D3-BF4B-00C04F79EFBC}") = "R5T.Ilioupoli.Default.Construction", "R5T.Ilioupoli.Default.Construction\R5T.Ilioupoli.Default.Construction.csproj", "{D14A3D93-028D-4F5C-BEC5-1836F3E3EF41}"
EndProject
Project("{FAE04EC0-301F-11D3-BF4B-00C04F79EFBC}") = "R5T.Ilioupoli.Default.Testing", "R5T.Ilioupoli.Default.Testing\R5T.Ilioupoli.Default.Testing.csproj", "{79E942E6-AA63-49E1-AEF0-04A6601F5A82}"
EndProject
Project("{2150E333-8FDC-42A3-9474-1A3956D46DE8}") = "_Dependencies", "_Dependencies", "{A5BB1173-F8AE-4052-A4D7-61663944C603}"
EndProject
Project("{FAE04EC0-301F-11D3-BF4B-00C04F79EFBC}") = "R5T.T0064", "..\..\R5T.T0064\source\R5T.T0064\R5T.T0064.csproj", "{D7103FB2-D043-4D40-9BDB-180451F9B5B7}"
EndProject
Global
	GlobalSection(SolutionConfigurationPlatforms) = preSolution
		Debug|Any CPU = Debug|Any CPU
		Debug|x64 = Debug|x64
		Debug|x86 = Debug|x86
		Release|Any CPU = Release|Any CPU
		Release|x64 = Release|x64
		Release|x86 = Release|x86
	EndGlobalSection
	GlobalSection(SolutionProperties) = preSolution
		HideSolutionNode = FALSE
	EndGlobalSection
	GlobalSection(ProjectConfigurationPlatforms) = postSolution
		{3D91A386-79CE-49FF-A28C-950E1245FCE9}.Debug|Any CPU.ActiveCfg = Debug|Any CPU
		{3D91A386-79CE-49FF-A28C-950E1245FCE9}.Debug|Any CPU.Build.0 = Debug|Any CPU
		{3D91A386-79CE-49FF-A28C-950E1245FCE9}.Debug|x64.ActiveCfg = Debug|Any CPU
		{3D91A386-79CE-49FF-A28C-950E1245FCE9}.Debug|x64.Build.0 = Debug|Any CPU
		{3D91A386-79CE-49FF-A28C-950E1245FCE9}.Debug|x86.ActiveCfg = Debug|Any CPU
		{3D91A386-79CE-49FF-A28C-950E1245FCE9}.Debug|x86.Build.0 = Debug|Any CPU
		{3D91A386-79CE-49FF-A28C-950E1245FCE9}.Release|Any CPU.ActiveCfg = Release|Any CPU
		{3D91A386-79CE-49FF-A28C-950E1245FCE9}.Release|Any CPU.Build.0 = Release|Any CPU
		{3D91A386-79CE-49FF-A28C-950E1245FCE9}.Release|x64.ActiveCfg = Release|Any CPU
		{3D91A386-79CE-49FF-A28C-950E1245FCE9}.Release|x64.Build.0 = Release|Any CPU
		{3D91A386-79CE-49FF-A28C-950E1245FCE9}.Release|x86.ActiveCfg = Release|Any CPU
		{3D91A386-79CE-49FF-A28C-950E1245FCE9}.Release|x86.Build.0 = Release|Any CPU
		{D14A3D93-028D-4F5C-BEC5-1836F3E3EF41}.Debug|Any CPU.ActiveCfg = Debug|Any CPU
		{D14A3D93-028D-4F5C-BEC5-1836F3E3EF41}.Debug|Any CPU.Build.0 = Debug|Any CPU
		{D14A3D93-028D-4F5C-BEC5-1836F3E3EF41}.Debug|x64.ActiveCfg = Debug|Any CPU
		{D14A3D93-028D-4F5C-BEC5-1836F3E3EF41}.Debug|x64.Build.0 = Debug|Any CPU
		{D14A3D93-028D-4F5C-BEC5-1836F3E3EF41}.Debug|x86.ActiveCfg = Debug|Any CPU
		{D14A3D93-028D-4F5C-BEC5-1836F3E3EF41}.Debug|x86.Build.0 = Debug|Any CPU
		{D14A3D93-028D-4F5C-BEC5-1836F3E3EF41}.Release|Any CPU.ActiveCfg = Release|Any CPU
		{D14A3D93-028D-4F5C-BEC5-1836F3E3EF41}.Release|Any CPU.Build.0 = Release|Any CPU
		{D14A3D93-028D-4F5C-BEC5-1836F3E3EF41}.Release|x64.ActiveCfg = Release|Any CPU
		{D14A3D93-028D-4F5C-BEC5-1836F3E3EF41}.Release|x64.Build.0 = Release|Any CPU
		{D14A3D93-028D-4F5C-BEC5-1836F3E3EF41}.Release|x86.ActiveCfg = Release|Any CPU
		{D14A3D93-028D-4F5C-BEC5-1836F3E3EF41}.Release|x86.Build.0 = Release|Any CPU
		{79E942E6-AA63-49E1-AEF0-04A6601F5A82}.Debug|Any CPU.ActiveCfg = Debug|Any CPU
		{79E942E6-AA63-49E1-AEF0-04A6601F5A82}.Debug|Any CPU.Build.0 = Debug|Any CPU
		{79E942E6-AA63-49E1-AEF0-04A6601F5A82}.Debug|x64.ActiveCfg = Debug|Any CPU
		{79E942E6-AA63-49E1-AEF0-04A6601F5A82}.Debug|x64.Build.0 = Debug|Any CPU
		{79E942E6-AA63-49E1-AEF0-04A6601F5A82}.Debug|x86.ActiveCfg = Debug|Any CPU
		{79E942E6-AA63-49E1-AEF0-04A6601F5A82}.Debug|x86.Build.0 = Debug|Any CPU
		{79E942E6-AA63-49E1-AEF0-04A6601F5A82}.Release|Any CPU.ActiveCfg = Release|Any CPU
		{79E942E6-AA63-49E1-AEF0-04A6601F5A82}.Release|Any CPU.Build.0 = Release|Any CPU
		{79E942E6-AA63-49E1-AEF0-04A6601F5A82}.Release|x64.ActiveCfg = Release|Any CPU
		{79E942E6-AA63-49E1-AEF0-04A6601F5A82}.Release|x64.Build.0 = Release|Any CPU
		{79E942E6-AA63-49E1-AEF0-04A6601F5A82}.Release|x86.ActiveCfg = Release|Any CPU
		{79E942E6-AA63-49E1-AEF0-04A6601F5A82}.Release|x86.Build.0 = Release|Any CPU
		{D7103FB2-D043-4D40-9BDB-180451F9B5B7}.Debug|Any CPU.ActiveCfg = Debug|Any CPU
		{D7103FB2-D043-4D40-9BDB-180451F9B5B7}.Debug|Any CPU.Build.0 = Debug|Any CPU
		{D7103FB2-D043-4D40-9BDB-180451F9B5B7}.Debug|x64.ActiveCfg = Debug|Any CPU
		{D7103FB2-D043-4D40-9BDB-180451F9B5B7}.Debug|x64.Build.0 = Debug|Any CPU
		{D7103FB2-D043-4D40-9BDB-180451F9B5B7}.Debug|x86.ActiveCfg = Debug|Any CPU
		{D7103FB2-D043-4D40-9BDB-180451F9B5B7}.Debug|x86.Build.0 = Debug|Any CPU
		{D7103FB2-D043-4D40-9BDB-180451F9B5B7}.Release|Any CPU.ActiveCfg = Release|Any CPU
		{D7103FB2-D043-4D40-9BDB-180451F9B5B7}.Release|Any CPU.Build.0 = Release|Any CPU
		{D7103FB2-D043-4D40-9BDB-180451F9B5B7}.Release|x64.ActiveCfg = Release|Any CPU
		{D7103FB2-D043-4D40-9BDB-180451F9B5B7}.Release|x64.Build.0 = Release|Any CPU
		{D7103FB2-D043-4D40-9BDB-180451F9B5B7}.Release|x86.ActiveCfg = Release|Any CPU
		{D7103FB2-D043-4D40-9BDB-180451F9B5B7}.Release|x86.Build.0 = Release|Any CPU
	EndGlobalSection
	GlobalSection(NestedProjects) = preSolution
		{D7103FB2-D043-4D40-9BDB-180451F9B5B7} = {A5BB1173-F8AE-4052-A4D7-61663944C603}
	EndGlobalSection
EndGlobal
